
Microsoft Visual Studio Solution File, Format Version 12.00
# Visual Studio 14
VisualStudioVersion = 14.0.25420.1
MinimumVisualStudioVersion = 10.0.40219.1
Project("{FAE04EC0-301F-11D3-BF4B-00C04F79EFBC}") = "BasicProject.Service", "src\PoleEmploi.PushData.Service\BasicProject.Service.csproj", "{C9E39E49-7252-4A17-8A04-84B5D9C6D526}"
EndProject
Project("{FAE04EC0-301F-11D3-BF4B-00C04F79EFBC}") = "BasicProject.Library", "src\PoleEmploi.PushData.Library\BasicProject.Library.csproj", "{817AD511-69D0-4967-A239-9CF6629D2759}"
EndProject
Project("{FAE04EC0-301F-11D3-BF4B-00C04F79EFBC}") = "BasicProject.Tests", "src\PoleEmploi.PushData.Tests\BasicProject.Tests.csproj", "{28D19045-FD50-4F0A-BF5A-085806760CF9}"
EndProject
Project("{FAE04EC0-301F-11D3-BF4B-00C04F79EFBC}") = "BasicProject.WebApp", "src\BasicProject.WebApp\BasicProject.WebApp.csproj", "{B6DE8197-08EB-4CF4-8C9E-522BCFBD9693}"
EndProject
Global
	GlobalSection(SolutionConfigurationPlatforms) = preSolution
		Debug|Any CPU = Debug|Any CPU
		Integration|Any CPU = Integration|Any CPU
		Prerelease|Any CPU = Prerelease|Any CPU
		Release|Any CPU = Release|Any CPU
		Review|Any CPU = Review|Any CPU
	EndGlobalSection
	GlobalSection(ProjectConfigurationPlatforms) = postSolution
		{C9E39E49-7252-4A17-8A04-84B5D9C6D526}.Debug|Any CPU.ActiveCfg = Debug|Any CPU
		{C9E39E49-7252-4A17-8A04-84B5D9C6D526}.Debug|Any CPU.Build.0 = Debug|Any CPU
		{C9E39E49-7252-4A17-8A04-84B5D9C6D526}.Integration|Any CPU.ActiveCfg = Integration|Any CPU
		{C9E39E49-7252-4A17-8A04-84B5D9C6D526}.Integration|Any CPU.Build.0 = Integration|Any CPU
		{C9E39E49-7252-4A17-8A04-84B5D9C6D526}.Prerelease|Any CPU.ActiveCfg = Prerelease|Any CPU
		{C9E39E49-7252-4A17-8A04-84B5D9C6D526}.Prerelease|Any CPU.Build.0 = Prerelease|Any CPU
		{C9E39E49-7252-4A17-8A04-84B5D9C6D526}.Release|Any CPU.ActiveCfg = Release|Any CPU
		{C9E39E49-7252-4A17-8A04-84B5D9C6D526}.Release|Any CPU.Build.0 = Release|Any CPU
		{C9E39E49-7252-4A17-8A04-84B5D9C6D526}.Review|Any CPU.ActiveCfg = Review|Any CPU
		{C9E39E49-7252-4A17-8A04-84B5D9C6D526}.Review|Any CPU.Build.0 = Review|Any CPU
		{817AD511-69D0-4967-A239-9CF6629D2759}.Debug|Any CPU.ActiveCfg = Debug|Any CPU
		{817AD511-69D0-4967-A239-9CF6629D2759}.Debug|Any CPU.Build.0 = Debug|Any CPU
		{817AD511-69D0-4967-A239-9CF6629D2759}.Integration|Any CPU.ActiveCfg = Integration|Any CPU
		{817AD511-69D0-4967-A239-9CF6629D2759}.Integration|Any CPU.Build.0 = Integration|Any CPU
		{817AD511-69D0-4967-A239-9CF6629D2759}.Prerelease|Any CPU.ActiveCfg = Prerelease|Any CPU
		{817AD511-69D0-4967-A239-9CF6629D2759}.Prerelease|Any CPU.Build.0 = Prerelease|Any CPU
		{817AD511-69D0-4967-A239-9CF6629D2759}.Release|Any CPU.ActiveCfg = Release|Any CPU
		{817AD511-69D0-4967-A239-9CF6629D2759}.Release|Any CPU.Build.0 = Release|Any CPU
		{817AD511-69D0-4967-A239-9CF6629D2759}.Review|Any CPU.ActiveCfg = Review|Any CPU
		{817AD511-69D0-4967-A239-9CF6629D2759}.Review|Any CPU.Build.0 = Review|Any CPU
		{28D19045-FD50-4F0A-BF5A-085806760CF9}.Debug|Any CPU.ActiveCfg = Debug|Any CPU
		{28D19045-FD50-4F0A-BF5A-085806760CF9}.Debug|Any CPU.Build.0 = Debug|Any CPU
		{28D19045-FD50-4F0A-BF5A-085806760CF9}.Integration|Any CPU.ActiveCfg = Integration|Any CPU
		{28D19045-FD50-4F0A-BF5A-085806760CF9}.Integration|Any CPU.Build.0 = Integration|Any CPU
		{28D19045-FD50-4F0A-BF5A-085806760CF9}.Prerelease|Any CPU.ActiveCfg = Prerelease|Any CPU
		{28D19045-FD50-4F0A-BF5A-085806760CF9}.Prerelease|Any CPU.Build.0 = Prerelease|Any CPU
		{28D19045-FD50-4F0A-BF5A-085806760CF9}.Release|Any CPU.ActiveCfg = Release|Any CPU
		{28D19045-FD50-4F0A-BF5A-085806760CF9}.Release|Any CPU.Build.0 = Release|Any CPU
		{28D19045-FD50-4F0A-BF5A-085806760CF9}.Review|Any CPU.ActiveCfg = Review|Any CPU
		{28D19045-FD50-4F0A-BF5A-085806760CF9}.Review|Any CPU.Build.0 = Review|Any CPU
		{B6DE8197-08EB-4CF4-8C9E-522BCFBD9693}.Debug|Any CPU.ActiveCfg = Debug|Any CPU
		{B6DE8197-08EB-4CF4-8C9E-522BCFBD9693}.Debug|Any CPU.Build.0 = Debug|Any CPU
		{B6DE8197-08EB-4CF4-8C9E-522BCFBD9693}.Integration|Any CPU.ActiveCfg = Release|Any CPU
		{B6DE8197-08EB-4CF4-8C9E-522BCFBD9693}.Integration|Any CPU.Build.0 = Release|Any CPU
		{B6DE8197-08EB-4CF4-8C9E-522BCFBD9693}.Prerelease|Any CPU.ActiveCfg = Release|Any CPU
		{B6DE8197-08EB-4CF4-8C9E-522BCFBD9693}.Prerelease|Any CPU.Build.0 = Release|Any CPU
		{B6DE8197-08EB-4CF4-8C9E-522BCFBD9693}.Release|Any CPU.ActiveCfg = Release|Any CPU
		{B6DE8197-08EB-4CF4-8C9E-522BCFBD9693}.Release|Any CPU.Build.0 = Release|Any CPU
		{B6DE8197-08EB-4CF4-8C9E-522BCFBD9693}.Review|Any CPU.ActiveCfg = Release|Any CPU
		{B6DE8197-08EB-4CF4-8C9E-522BCFBD9693}.Review|Any CPU.Build.0 = Release|Any CPU
	EndGlobalSection
	GlobalSection(SolutionProperties) = preSolution
		HideSolutionNode = FALSE
	EndGlobalSection
EndGlobal
